
Microsoft Visual Studio Solution File, Format Version 12.00
# Visual Studio Version 17
VisualStudioVersion = 17.13.35825.156 d17.13
MinimumVisualStudioVersion = 10.0.40219.1
Project("{FAE04EC0-301F-11D3-BF4B-00C04F79EFBC}") = "Task2", "Task2\Task2.csproj", "{73B65B33-CA0D-496E-826B-6F78BA0C8EB0}"
EndProject
Global
	GlobalSection(SolutionConfigurationPlatforms) = preSolution
		Debug|Any CPU = Debug|Any CPU
		Release|Any CPU = Release|Any CPU
	EndGlobalSection
	GlobalSection(ProjectConfigurationPlatforms) = postSolution
		{73B65B33-CA0D-496E-826B-6F78BA0C8EB0}.Debug|Any CPU.ActiveCfg = Debug|Any CPU
		{73B65B33-CA0D-496E-826B-6F78BA0C8EB0}.Debug|Any CPU.Build.0 = Debug|Any CPU
		{73B65B33-CA0D-496E-826B-6F78BA0C8EB0}.Release|Any CPU.ActiveCfg = Release|Any CPU
		{73B65B33-CA0D-496E-826B-6F78BA0C8EB0}.Release|Any CPU.Build.0 = Release|Any CPU
	EndGlobalSection
	GlobalSection(SolutionProperties) = preSolution
		HideSolutionNode = FALSE
	EndGlobalSection
	GlobalSection(ExtensibilityGlobals) = postSolution
		SolutionGuid = {00FBB118-44D7-4996-930B-F5F587DA3EEE}
	EndGlobalSection
EndGlobal
